
Microsoft Visual Studio Solution File, Format Version 12.00
# Visual Studio 15
Project("{FAE04EC0-301F-11D3-BF4B-00C04F79EFBC}") = "QuintinScript", "QuintinScript.csproj", "{387ADB7D-62BD-45C4-51E3-DC0AA79F9C62}"
EndProject
Project("{FAE04EC0-301F-11D3-BF4B-00C04F79EFBC}") = "Assembly-CSharp", "Assembly-CSharp.csproj", "{B184BF63-9DD0-7BCD-7110-CC7859C9C306}"
EndProject
Project("{FAE04EC0-301F-11D3-BF4B-00C04F79EFBC}") = "GregGameAssembly", "GregGameAssembly.csproj", "{F785767C-F3E2-2AC2-40AD-A80D7851966E}"
EndProject
Project("{FAE04EC0-301F-11D3-BF4B-00C04F79EFBC}") = "KeithAssembly", "KeithAssembly.csproj", "{949E325B-570E-F6DB-8110-E68742BB791B}"
EndProject
Project("{FAE04EC0-301F-11D3-BF4B-00C04F79EFBC}") = "martinScriptAssembly", "martinScriptAssembly.csproj", "{A88BBD35-35CC-9E29-697F-263EBA9BB4F1}"
EndProject
Project("{FAE04EC0-301F-11D3-BF4B-00C04F79EFBC}") = "martintests", "martintests.csproj", "{E7855815-43C5-BFF6-C860-EB42F6468146}"
EndProject
Project("{FAE04EC0-301F-11D3-BF4B-00C04F79EFBC}") = "QuintinEditorAssembly", "QuintinEditorAssembly.csproj", "{3F110E2F-4C77-1226-0718-D8E59D11A029}"
EndProject
Project("{FAE04EC0-301F-11D3-BF4B-00C04F79EFBC}") = "GregEditModeTests", "GregEditModeTests.csproj", "{B2117879-923B-4E18-4061-A79AF1856D50}"
EndProject
Project("{FAE04EC0-301F-11D3-BF4B-00C04F79EFBC}") = "KeithEditMode", "KeithEditMode.csproj", "{D179B509-03CF-CEA5-292F-F12D434E1538}"
EndProject
Global
	GlobalSection(SolutionConfigurationPlatforms) = preSolution
		Debug|Any CPU = Debug|Any CPU
		Release|Any CPU = Release|Any CPU
	EndGlobalSection
	GlobalSection(ProjectConfigurationPlatforms) = postSolution
		{387ADB7D-62BD-45C4-51E3-DC0AA79F9C62}.Debug|Any CPU.ActiveCfg = Debug|Any CPU
		{387ADB7D-62BD-45C4-51E3-DC0AA79F9C62}.Debug|Any CPU.Build.0 = Debug|Any CPU
		{387ADB7D-62BD-45C4-51E3-DC0AA79F9C62}.Release|Any CPU.ActiveCfg = Release|Any CPU
		{387ADB7D-62BD-45C4-51E3-DC0AA79F9C62}.Release|Any CPU.Build.0 = Release|Any CPU
		{B184BF63-9DD0-7BCD-7110-CC7859C9C306}.Debug|Any CPU.ActiveCfg = Debug|Any CPU
		{B184BF63-9DD0-7BCD-7110-CC7859C9C306}.Debug|Any CPU.Build.0 = Debug|Any CPU
		{B184BF63-9DD0-7BCD-7110-CC7859C9C306}.Release|Any CPU.ActiveCfg = Release|Any CPU
		{B184BF63-9DD0-7BCD-7110-CC7859C9C306}.Release|Any CPU.Build.0 = Release|Any CPU
		{F785767C-F3E2-2AC2-40AD-A80D7851966E}.Debug|Any CPU.ActiveCfg = Debug|Any CPU
		{F785767C-F3E2-2AC2-40AD-A80D7851966E}.Debug|Any CPU.Build.0 = Debug|Any CPU
		{F785767C-F3E2-2AC2-40AD-A80D7851966E}.Release|Any CPU.ActiveCfg = Release|Any CPU
		{F785767C-F3E2-2AC2-40AD-A80D7851966E}.Release|Any CPU.Build.0 = Release|Any CPU
		{949E325B-570E-F6DB-8110-E68742BB791B}.Debug|Any CPU.ActiveCfg = Debug|Any CPU
		{949E325B-570E-F6DB-8110-E68742BB791B}.Debug|Any CPU.Build.0 = Debug|Any CPU
		{949E325B-570E-F6DB-8110-E68742BB791B}.Release|Any CPU.ActiveCfg = Release|Any CPU
		{949E325B-570E-F6DB-8110-E68742BB791B}.Release|Any CPU.Build.0 = Release|Any CPU
		{A88BBD35-35CC-9E29-697F-263EBA9BB4F1}.Debug|Any CPU.ActiveCfg = Debug|Any CPU
		{A88BBD35-35CC-9E29-697F-263EBA9BB4F1}.Debug|Any CPU.Build.0 = Debug|Any CPU
		{A88BBD35-35CC-9E29-697F-263EBA9BB4F1}.Release|Any CPU.ActiveCfg = Release|Any CPU
		{A88BBD35-35CC-9E29-697F-263EBA9BB4F1}.Release|Any CPU.Build.0 = Release|Any CPU
		{E7855815-43C5-BFF6-C860-EB42F6468146}.Debug|Any CPU.ActiveCfg = Debug|Any CPU
		{E7855815-43C5-BFF6-C860-EB42F6468146}.Debug|Any CPU.Build.0 = Debug|Any CPU
		{E7855815-43C5-BFF6-C860-EB42F6468146}.Release|Any CPU.ActiveCfg = Release|Any CPU
		{E7855815-43C5-BFF6-C860-EB42F6468146}.Release|Any CPU.Build.0 = Release|Any CPU
		{3F110E2F-4C77-1226-0718-D8E59D11A029}.Debug|Any CPU.ActiveCfg = Debug|Any CPU
		{3F110E2F-4C77-1226-0718-D8E59D11A029}.Debug|Any CPU.Build.0 = Debug|Any CPU
		{3F110E2F-4C77-1226-0718-D8E59D11A029}.Release|Any CPU.ActiveCfg = Release|Any CPU
		{3F110E2F-4C77-1226-0718-D8E59D11A029}.Release|Any CPU.Build.0 = Release|Any CPU
		{B2117879-923B-4E18-4061-A79AF1856D50}.Debug|Any CPU.ActiveCfg = Debug|Any CPU
		{B2117879-923B-4E18-4061-A79AF1856D50}.Debug|Any CPU.Build.0 = Debug|Any CPU
		{B2117879-923B-4E18-4061-A79AF1856D50}.Release|Any CPU.ActiveCfg = Release|Any CPU
		{B2117879-923B-4E18-4061-A79AF1856D50}.Release|Any CPU.Build.0 = Release|Any CPU
		{D179B509-03CF-CEA5-292F-F12D434E1538}.Debug|Any CPU.ActiveCfg = Debug|Any CPU
		{D179B509-03CF-CEA5-292F-F12D434E1538}.Debug|Any CPU.Build.0 = Debug|Any CPU
		{D179B509-03CF-CEA5-292F-F12D434E1538}.Release|Any CPU.ActiveCfg = Release|Any CPU
		{D179B509-03CF-CEA5-292F-F12D434E1538}.Release|Any CPU.Build.0 = Release|Any CPU
	EndGlobalSection
	GlobalSection(SolutionProperties) = preSolution
		HideSolutionNode = FALSE
	EndGlobalSection
EndGlobal
